// !$*UTF8*$!
{
	archiveVersion = 1;
	classes = {
	};
	objectVersion = 55;
	objects = {

/* Begin PBXBuildFile section */
		4F0BE3C828A44B2800B4A361 /* Settings.swift in Sources */ = {isa = PBXBuildFile; fileRef = 4F0BE3C728A44B2800B4A361 /* Settings.swift */; };
		4F0BE3CA28A454B900B4A361 /* UICollectionViewDiffableDataSource+ViewModel.swift in Sources */ = {isa = PBXBuildFile; fileRef = 4F0BE3C928A454B900B4A361 /* UICollectionViewDiffableDataSource+ViewModel.swift */; };
		4F1559D028AB05820063D680 /* HabitStatistics.swift in Sources */ = {isa = PBXBuildFile; fileRef = 4F1559CF28AB05820063D680 /* HabitStatistics.swift */; };
		4F1559D228AB06460063D680 /* UserCount.swift in Sources */ = {isa = PBXBuildFile; fileRef = 4F1559D128AB06460063D680 /* UserCount.swift */; };
		4F2CD35C28A1B8F100BD07A9 /* AppDelegate.swift in Sources */ = {isa = PBXBuildFile; fileRef = 4F2CD35B28A1B8F100BD07A9 /* AppDelegate.swift */; };
		4F2CD35E28A1B8F100BD07A9 /* SceneDelegate.swift in Sources */ = {isa = PBXBuildFile; fileRef = 4F2CD35D28A1B8F100BD07A9 /* SceneDelegate.swift */; };
		4F2CD36028A1B8F100BD07A9 /* HomeCollectionViewController.swift in Sources */ = {isa = PBXBuildFile; fileRef = 4F2CD35F28A1B8F100BD07A9 /* HomeCollectionViewController.swift */; };
		4F2CD36328A1B8F100BD07A9 /* Main.storyboard in Resources */ = {isa = PBXBuildFile; fileRef = 4F2CD36128A1B8F100BD07A9 /* Main.storyboard */; };
		4F2CD36628A1B8F100BD07A9 /* Habits.xcdatamodeld in Sources */ = {isa = PBXBuildFile; fileRef = 4F2CD36428A1B8F100BD07A9 /* Habits.xcdatamodeld */; };
		4F2CD36828A1B8F200BD07A9 /* Assets.xcassets in Resources */ = {isa = PBXBuildFile; fileRef = 4F2CD36728A1B8F200BD07A9 /* Assets.xcassets */; };
		4F2CD36B28A1B8F200BD07A9 /* LaunchScreen.storyboard in Resources */ = {isa = PBXBuildFile; fileRef = 4F2CD36928A1B8F200BD07A9 /* LaunchScreen.storyboard */; };
		4F2CD37628A1B8F300BD07A9 /* HabitsTests.swift in Sources */ = {isa = PBXBuildFile; fileRef = 4F2CD37528A1B8F300BD07A9 /* HabitsTests.swift */; };
		4F2CD38028A1B8F300BD07A9 /* HabitsUITests.swift in Sources */ = {isa = PBXBuildFile; fileRef = 4F2CD37F28A1B8F300BD07A9 /* HabitsUITests.swift */; };
		4F2CD38228A1B8F300BD07A9 /* HabitsUITestsLaunchTests.swift in Sources */ = {isa = PBXBuildFile; fileRef = 4F2CD38128A1B8F300BD07A9 /* HabitsUITestsLaunchTests.swift */; };
		4F41341828AD849000EE96B9 /* UserStatistics.swift in Sources */ = {isa = PBXBuildFile; fileRef = 4F41341728AD849000EE96B9 /* UserStatistics.swift */; };
		4F41341A28AD84C900EE96B9 /* HabitCount.swift in Sources */ = {isa = PBXBuildFile; fileRef = 4F41341928AD84C900EE96B9 /* HabitCount.swift */; };
		4F58A86D28A2E2EE005FCCAF /* HabitCollectionViewController.swift in Sources */ = {isa = PBXBuildFile; fileRef = 4F58A86C28A2E2EE005FCCAF /* HabitCollectionViewController.swift */; };
		4F58A86F28A2E2FD005FCCAF /* UserCollectionViewController.swift in Sources */ = {isa = PBXBuildFile; fileRef = 4F58A86E28A2E2FD005FCCAF /* UserCollectionViewController.swift */; };
		4F58A87128A2E311005FCCAF /* LogHabitCollectionViewController.swift in Sources */ = {isa = PBXBuildFile; fileRef = 4F58A87028A2E311005FCCAF /* LogHabitCollectionViewController.swift */; };
		4F58A87328A2E5BF005FCCAF /* HabitDetailViewController.swift in Sources */ = {isa = PBXBuildFile; fileRef = 4F58A87228A2E5BF005FCCAF /* HabitDetailViewController.swift */; };
		4F58A87528A2E5C9005FCCAF /* UserDetailViewController.swift in Sources */ = {isa = PBXBuildFile; fileRef = 4F58A87428A2E5C9005FCCAF /* UserDetailViewController.swift */; };
		4F58A87728A2E67F005FCCAF /* Habit.swift in Sources */ = {isa = PBXBuildFile; fileRef = 4F58A87628A2E67F005FCCAF /* Habit.swift */; };
		4F58A87928A2E6A5005FCCAF /* Category.swift in Sources */ = {isa = PBXBuildFile; fileRef = 4F58A87828A2E6A5005FCCAF /* Category.swift */; };
		4F58A87B28A2E6C6005FCCAF /* Color.swift in Sources */ = {isa = PBXBuildFile; fileRef = 4F58A87A28A2E6C6005FCCAF /* Color.swift */; };
		4F58A87D28A2E72E005FCCAF /* APIRequest.swift in Sources */ = {isa = PBXBuildFile; fileRef = 4F58A87C28A2E72E005FCCAF /* APIRequest.swift */; };
		4F58A87F28A2EC9B005FCCAF /* APIService.swift in Sources */ = {isa = PBXBuildFile; fileRef = 4F58A87E28A2EC9B005FCCAF /* APIService.swift */; };
		4F58A88128A2EEAA005FCCAF /* PrimarySecondaryTextCollectionViewCell.swift in Sources */ = {isa = PBXBuildFile; fileRef = 4F58A88028A2EEAA005FCCAF /* PrimarySecondaryTextCollectionViewCell.swift */; };
		4F9FB33A28A6AF2D00741014 /* NamedSectionHeaderView.swift in Sources */ = {isa = PBXBuildFile; fileRef = 4F9FB33928A6AF2D00741014 /* NamedSectionHeaderView.swift */; };
		4F9FB33C28A6B71300741014 /* User.swift in Sources */ = {isa = PBXBuildFile; fileRef = 4F9FB33B28A6B71300741014 /* User.swift */; };
/* End PBXBuildFile section */

/* Begin PBXContainerItemProxy section */
		4F2CD37228A1B8F300BD07A9 /* PBXContainerItemProxy */ = {
			isa = PBXContainerItemProxy;
			containerPortal = 4F2CD35028A1B8F000BD07A9 /* Project object */;
			proxyType = 1;
			remoteGlobalIDString = 4F2CD35728A1B8F000BD07A9;
			remoteInfo = Habits;
		};
		4F2CD37C28A1B8F300BD07A9 /* PBXContainerItemProxy */ = {
			isa = PBXContainerItemProxy;
			containerPortal = 4F2CD35028A1B8F000BD07A9 /* Project object */;
			proxyType = 1;
			remoteGlobalIDString = 4F2CD35728A1B8F000BD07A9;
			remoteInfo = Habits;
		};
/* End PBXContainerItemProxy section */

/* Begin PBXFileReference section */
		4F0BE3C728A44B2800B4A361 /* Settings.swift */ = {isa = PBXFileReference; lastKnownFileType = sourcecode.swift; path = Settings.swift; sourceTree = "<group>"; };
		4F0BE3C928A454B900B4A361 /* UICollectionViewDiffableDataSource+ViewModel.swift */ = {isa = PBXFileReference; lastKnownFileType = sourcecode.swift; path = "UICollectionViewDiffableDataSource+ViewModel.swift"; sourceTree = "<group>"; };
		4F1559CF28AB05820063D680 /* HabitStatistics.swift */ = {isa = PBXFileReference; lastKnownFileType = sourcecode.swift; path = HabitStatistics.swift; sourceTree = "<group>"; };
		4F1559D128AB06460063D680 /* UserCount.swift */ = {isa = PBXFileReference; lastKnownFileType = sourcecode.swift; path = UserCount.swift; sourceTree = "<group>"; };
		4F2CD35828A1B8F000BD07A9 /* Habits.app */ = {isa = PBXFileReference; explicitFileType = wrapper.application; includeInIndex = 0; path = Habits.app; sourceTree = BUILT_PRODUCTS_DIR; };
		4F2CD35B28A1B8F100BD07A9 /* AppDelegate.swift */ = {isa = PBXFileReference; lastKnownFileType = sourcecode.swift; path = AppDelegate.swift; sourceTree = "<group>"; };
		4F2CD35D28A1B8F100BD07A9 /* SceneDelegate.swift */ = {isa = PBXFileReference; lastKnownFileType = sourcecode.swift; path = SceneDelegate.swift; sourceTree = "<group>"; };
		4F2CD35F28A1B8F100BD07A9 /* HomeCollectionViewController.swift */ = {isa = PBXFileReference; lastKnownFileType = sourcecode.swift; path = HomeCollectionViewController.swift; sourceTree = "<group>"; };
		4F2CD36228A1B8F100BD07A9 /* Base */ = {isa = PBXFileReference; lastKnownFileType = file.storyboard; name = Base; path = Base.lproj/Main.storyboard; sourceTree = "<group>"; };
		4F2CD36528A1B8F100BD07A9 /* Habits.xcdatamodel */ = {isa = PBXFileReference; lastKnownFileType = wrapper.xcdatamodel; path = Habits.xcdatamodel; sourceTree = "<group>"; };
		4F2CD36728A1B8F200BD07A9 /* Assets.xcassets */ = {isa = PBXFileReference; lastKnownFileType = folder.assetcatalog; path = Assets.xcassets; sourceTree = "<group>"; };
		4F2CD36A28A1B8F200BD07A9 /* Base */ = {isa = PBXFileReference; lastKnownFileType = file.storyboard; name = Base; path = Base.lproj/LaunchScreen.storyboard; sourceTree = "<group>"; };
		4F2CD36C28A1B8F200BD07A9 /* Info.plist */ = {isa = PBXFileReference; lastKnownFileType = text.plist.xml; path = Info.plist; sourceTree = "<group>"; };
		4F2CD37128A1B8F300BD07A9 /* HabitsTests.xctest */ = {isa = PBXFileReference; explicitFileType = wrapper.cfbundle; includeInIndex = 0; path = HabitsTests.xctest; sourceTree = BUILT_PRODUCTS_DIR; };
		4F2CD37528A1B8F300BD07A9 /* HabitsTests.swift */ = {isa = PBXFileReference; lastKnownFileType = sourcecode.swift; path = HabitsTests.swift; sourceTree = "<group>"; };
		4F2CD37B28A1B8F300BD07A9 /* HabitsUITests.xctest */ = {isa = PBXFileReference; explicitFileType = wrapper.cfbundle; includeInIndex = 0; path = HabitsUITests.xctest; sourceTree = BUILT_PRODUCTS_DIR; };
		4F2CD37F28A1B8F300BD07A9 /* HabitsUITests.swift */ = {isa = PBXFileReference; lastKnownFileType = sourcecode.swift; path = HabitsUITests.swift; sourceTree = "<group>"; };
		4F2CD38128A1B8F300BD07A9 /* HabitsUITestsLaunchTests.swift */ = {isa = PBXFileReference; lastKnownFileType = sourcecode.swift; path = HabitsUITestsLaunchTests.swift; sourceTree = "<group>"; };
		4F41341728AD849000EE96B9 /* UserStatistics.swift */ = {isa = PBXFileReference; lastKnownFileType = sourcecode.swift; path = UserStatistics.swift; sourceTree = "<group>"; };
		4F41341928AD84C900EE96B9 /* HabitCount.swift */ = {isa = PBXFileReference; lastKnownFileType = sourcecode.swift; path = HabitCount.swift; sourceTree = "<group>"; };
		4F58A86C28A2E2EE005FCCAF /* HabitCollectionViewController.swift */ = {isa = PBXFileReference; lastKnownFileType = sourcecode.swift; path = HabitCollectionViewController.swift; sourceTree = "<group>"; };
		4F58A86E28A2E2FD005FCCAF /* UserCollectionViewController.swift */ = {isa = PBXFileReference; lastKnownFileType = sourcecode.swift; path = UserCollectionViewController.swift; sourceTree = "<group>"; };
		4F58A87028A2E311005FCCAF /* LogHabitCollectionViewController.swift */ = {isa = PBXFileReference; lastKnownFileType = sourcecode.swift; path = LogHabitCollectionViewController.swift; sourceTree = "<group>"; };
		4F58A87228A2E5BF005FCCAF /* HabitDetailViewController.swift */ = {isa = PBXFileReference; lastKnownFileType = sourcecode.swift; path = HabitDetailViewController.swift; sourceTree = "<group>"; };
		4F58A87428A2E5C9005FCCAF /* UserDetailViewController.swift */ = {isa = PBXFileReference; lastKnownFileType = sourcecode.swift; path = UserDetailViewController.swift; sourceTree = "<group>"; };
		4F58A87628A2E67F005FCCAF /* Habit.swift */ = {isa = PBXFileReference; lastKnownFileType = sourcecode.swift; path = Habit.swift; sourceTree = "<group>"; };
		4F58A87828A2E6A5005FCCAF /* Category.swift */ = {isa = PBXFileReference; lastKnownFileType = sourcecode.swift; path = Category.swift; sourceTree = "<group>"; };
		4F58A87A28A2E6C6005FCCAF /* Color.swift */ = {isa = PBXFileReference; lastKnownFileType = sourcecode.swift; path = Color.swift; sourceTree = "<group>"; };
		4F58A87C28A2E72E005FCCAF /* APIRequest.swift */ = {isa = PBXFileReference; lastKnownFileType = sourcecode.swift; path = APIRequest.swift; sourceTree = "<group>"; };
		4F58A87E28A2EC9B005FCCAF /* APIService.swift */ = {isa = PBXFileReference; lastKnownFileType = sourcecode.swift; path = APIService.swift; sourceTree = "<group>"; };
		4F58A88028A2EEAA005FCCAF /* PrimarySecondaryTextCollectionViewCell.swift */ = {isa = PBXFileReference; lastKnownFileType = sourcecode.swift; path = PrimarySecondaryTextCollectionViewCell.swift; sourceTree = "<group>"; };
		4F9FB33928A6AF2D00741014 /* NamedSectionHeaderView.swift */ = {isa = PBXFileReference; lastKnownFileType = sourcecode.swift; path = NamedSectionHeaderView.swift; sourceTree = "<group>"; };
		4F9FB33B28A6B71300741014 /* User.swift */ = {isa = PBXFileReference; lastKnownFileType = sourcecode.swift; path = User.swift; sourceTree = "<group>"; };
/* End PBXFileReference section */

/* Begin PBXFrameworksBuildPhase section */
		4F2CD35528A1B8F000BD07A9 /* Frameworks */ = {
			isa = PBXFrameworksBuildPhase;
			buildActionMask = 2147483647;
			files = (
			);
			runOnlyForDeploymentPostprocessing = 0;
		};
		4F2CD36E28A1B8F300BD07A9 /* Frameworks */ = {
			isa = PBXFrameworksBuildPhase;
			buildActionMask = 2147483647;
			files = (
			);
			runOnlyForDeploymentPostprocessing = 0;
		};
		4F2CD37828A1B8F300BD07A9 /* Frameworks */ = {
			isa = PBXFrameworksBuildPhase;
			buildActionMask = 2147483647;
			files = (
			);
			runOnlyForDeploymentPostprocessing = 0;
		};
/* End PBXFrameworksBuildPhase section */

/* Begin PBXGroup section */
		4F2CD34F28A1B8F000BD07A9 = {
			isa = PBXGroup;
			children = (
				4F2CD35A28A1B8F000BD07A9 /* Habits */,
				4F2CD37428A1B8F300BD07A9 /* HabitsTests */,
				4F2CD37E28A1B8F300BD07A9 /* HabitsUITests */,
				4F2CD35928A1B8F000BD07A9 /* Products */,
			);
			sourceTree = "<group>";
		};
		4F2CD35928A1B8F000BD07A9 /* Products */ = {
			isa = PBXGroup;
			children = (
				4F2CD35828A1B8F000BD07A9 /* Habits.app */,
				4F2CD37128A1B8F300BD07A9 /* HabitsTests.xctest */,
				4F2CD37B28A1B8F300BD07A9 /* HabitsUITests.xctest */,
			);
			name = Products;
			sourceTree = "<group>";
		};
		4F2CD35A28A1B8F000BD07A9 /* Habits */ = {
			isa = PBXGroup;
			children = (
				4F58A86B28A2E2AD005FCCAF /* Models */,
				4F58A86A28A2E2A7005FCCAF /* Views */,
				4F58A86928A2E2A0005FCCAF /* Controllers */,
				4F2CD35B28A1B8F100BD07A9 /* AppDelegate.swift */,
				4F2CD35D28A1B8F100BD07A9 /* SceneDelegate.swift */,
				4F2CD36728A1B8F200BD07A9 /* Assets.xcassets */,
				4F2CD36928A1B8F200BD07A9 /* LaunchScreen.storyboard */,
				4F2CD36C28A1B8F200BD07A9 /* Info.plist */,
				4F2CD36428A1B8F100BD07A9 /* Habits.xcdatamodeld */,
			);
			path = Habits;
			sourceTree = "<group>";
		};
		4F2CD37428A1B8F300BD07A9 /* HabitsTests */ = {
			isa = PBXGroup;
			children = (
				4F2CD37528A1B8F300BD07A9 /* HabitsTests.swift */,
			);
			path = HabitsTests;
			sourceTree = "<group>";
		};
		4F2CD37E28A1B8F300BD07A9 /* HabitsUITests */ = {
			isa = PBXGroup;
			children = (
				4F2CD37F28A1B8F300BD07A9 /* HabitsUITests.swift */,
				4F2CD38128A1B8F300BD07A9 /* HabitsUITestsLaunchTests.swift */,
			);
			path = HabitsUITests;
			sourceTree = "<group>";
		};
		4F58A86928A2E2A0005FCCAF /* Controllers */ = {
			isa = PBXGroup;
			children = (
				4F2CD35F28A1B8F100BD07A9 /* HomeCollectionViewController.swift */,
				4F58A86C28A2E2EE005FCCAF /* HabitCollectionViewController.swift */,
				4F58A86E28A2E2FD005FCCAF /* UserCollectionViewController.swift */,
				4F58A87028A2E311005FCCAF /* LogHabitCollectionViewController.swift */,
				4F58A87228A2E5BF005FCCAF /* HabitDetailViewController.swift */,
				4F58A87428A2E5C9005FCCAF /* UserDetailViewController.swift */,
			);
			path = Controllers;
			sourceTree = "<group>";
		};
		4F58A86A28A2E2A7005FCCAF /* Views */ = {
			isa = PBXGroup;
			children = (
				4F2CD36128A1B8F100BD07A9 /* Main.storyboard */,
				4F58A88028A2EEAA005FCCAF /* PrimarySecondaryTextCollectionViewCell.swift */,
				4F9FB33928A6AF2D00741014 /* NamedSectionHeaderView.swift */,
			);
			path = Views;
			sourceTree = "<group>";
		};
		4F58A86B28A2E2AD005FCCAF /* Models */ = {
			isa = PBXGroup;
			children = (
				4F58A87628A2E67F005FCCAF /* Habit.swift */,
				4F58A87828A2E6A5005FCCAF /* Category.swift */,
				4F58A87A28A2E6C6005FCCAF /* Color.swift */,
				4F58A87C28A2E72E005FCCAF /* APIRequest.swift */,
				4F58A87E28A2EC9B005FCCAF /* APIService.swift */,
				4F0BE3C728A44B2800B4A361 /* Settings.swift */,
				4F0BE3C928A454B900B4A361 /* UICollectionViewDiffableDataSource+ViewModel.swift */,
				4F9FB33B28A6B71300741014 /* User.swift */,
				4F1559CF28AB05820063D680 /* HabitStatistics.swift */,
				4F1559D128AB06460063D680 /* UserCount.swift */,
				4F41341728AD849000EE96B9 /* UserStatistics.swift */,
				4F41341928AD84C900EE96B9 /* HabitCount.swift */,
			);
			path = Models;
			sourceTree = "<group>";
		};
/* End PBXGroup section */

/* Begin PBXNativeTarget section */
		4F2CD35728A1B8F000BD07A9 /* Habits */ = {
			isa = PBXNativeTarget;
			buildConfigurationList = 4F2CD38528A1B8F300BD07A9 /* Build configuration list for PBXNativeTarget "Habits" */;
			buildPhases = (
				4F2CD35428A1B8F000BD07A9 /* Sources */,
				4F2CD35528A1B8F000BD07A9 /* Frameworks */,
				4F2CD35628A1B8F000BD07A9 /* Resources */,
			);
			buildRules = (
			);
			dependencies = (
			);
			name = Habits;
			productName = Habits;
			productReference = 4F2CD35828A1B8F000BD07A9 /* Habits.app */;
			productType = "com.apple.product-type.application";
		};
		4F2CD37028A1B8F300BD07A9 /* HabitsTests */ = {
			isa = PBXNativeTarget;
			buildConfigurationList = 4F2CD38828A1B8F300BD07A9 /* Build configuration list for PBXNativeTarget "HabitsTests" */;
			buildPhases = (
				4F2CD36D28A1B8F300BD07A9 /* Sources */,
				4F2CD36E28A1B8F300BD07A9 /* Frameworks */,
				4F2CD36F28A1B8F300BD07A9 /* Resources */,
			);
			buildRules = (
			);
			dependencies = (
				4F2CD37328A1B8F300BD07A9 /* PBXTargetDependency */,
			);
			name = HabitsTests;
			productName = HabitsTests;
			productReference = 4F2CD37128A1B8F300BD07A9 /* HabitsTests.xctest */;
			productType = "com.apple.product-type.bundle.unit-test";
		};
		4F2CD37A28A1B8F300BD07A9 /* HabitsUITests */ = {
			isa = PBXNativeTarget;
			buildConfigurationList = 4F2CD38B28A1B8F300BD07A9 /* Build configuration list for PBXNativeTarget "HabitsUITests" */;
			buildPhases = (
				4F2CD37728A1B8F300BD07A9 /* Sources */,
				4F2CD37828A1B8F300BD07A9 /* Frameworks */,
				4F2CD37928A1B8F300BD07A9 /* Resources */,
			);
			buildRules = (
			);
			dependencies = (
				4F2CD37D28A1B8F300BD07A9 /* PBXTargetDependency */,
			);
			name = HabitsUITests;
			productName = HabitsUITests;
			productReference = 4F2CD37B28A1B8F300BD07A9 /* HabitsUITests.xctest */;
			productType = "com.apple.product-type.bundle.ui-testing";
		};
/* End PBXNativeTarget section */

/* Begin PBXProject section */
		4F2CD35028A1B8F000BD07A9 /* Project object */ = {
			isa = PBXProject;
			attributes = {
				BuildIndependentTargetsInParallel = 1;
				LastSwiftUpdateCheck = 1340;
				LastUpgradeCheck = 1340;
				TargetAttributes = {
					4F2CD35728A1B8F000BD07A9 = {
						CreatedOnToolsVersion = 13.4.1;
					};
					4F2CD37028A1B8F300BD07A9 = {
						CreatedOnToolsVersion = 13.4.1;
						TestTargetID = 4F2CD35728A1B8F000BD07A9;
					};
					4F2CD37A28A1B8F300BD07A9 = {
						CreatedOnToolsVersion = 13.4.1;
						TestTargetID = 4F2CD35728A1B8F000BD07A9;
					};
				};
			};
			buildConfigurationList = 4F2CD35328A1B8F000BD07A9 /* Build configuration list for PBXProject "Habits" */;
			compatibilityVersion = "Xcode 13.0";
			developmentRegion = en;
			hasScannedForEncodings = 0;
			knownRegions = (
				en,
				Base,
			);
			mainGroup = 4F2CD34F28A1B8F000BD07A9;
			productRefGroup = 4F2CD35928A1B8F000BD07A9 /* Products */;
			projectDirPath = "";
			projectRoot = "";
			targets = (
				4F2CD35728A1B8F000BD07A9 /* Habits */,
				4F2CD37028A1B8F300BD07A9 /* HabitsTests */,
				4F2CD37A28A1B8F300BD07A9 /* HabitsUITests */,
			);
		};
/* End PBXProject section */

/* Begin PBXResourcesBuildPhase section */
		4F2CD35628A1B8F000BD07A9 /* Resources */ = {
			isa = PBXResourcesBuildPhase;
			buildActionMask = 2147483647;
			files = (
				4F2CD36B28A1B8F200BD07A9 /* LaunchScreen.storyboard in Resources */,
				4F2CD36828A1B8F200BD07A9 /* Assets.xcassets in Resources */,
				4F2CD36328A1B8F100BD07A9 /* Main.storyboard in Resources */,
			);
			runOnlyForDeploymentPostprocessing = 0;
		};
		4F2CD36F28A1B8F300BD07A9 /* Resources */ = {
			isa = PBXResourcesBuildPhase;
			buildActionMask = 2147483647;
			files = (
			);
			runOnlyForDeploymentPostprocessing = 0;
		};
		4F2CD37928A1B8F300BD07A9 /* Resources */ = {
			isa = PBXResourcesBuildPhase;
			buildActionMask = 2147483647;
			files = (
			);
			runOnlyForDeploymentPostprocessing = 0;
		};
/* End PBXResourcesBuildPhase section */

/* Begin PBXSourcesBuildPhase section */
		4F2CD35428A1B8F000BD07A9 /* Sources */ = {
			isa = PBXSourcesBuildPhase;
			buildActionMask = 2147483647;
			files = (
				4F58A87128A2E311005FCCAF /* LogHabitCollectionViewController.swift in Sources */,
				4F1559D228AB06460063D680 /* UserCount.swift in Sources */,
				4F2CD36028A1B8F100BD07A9 /* HomeCollectionViewController.swift in Sources */,
				4F58A87D28A2E72E005FCCAF /* APIRequest.swift in Sources */,
				4F58A87528A2E5C9005FCCAF /* UserDetailViewController.swift in Sources */,
				4F2CD35C28A1B8F100BD07A9 /* AppDelegate.swift in Sources */,
				4F9FB33A28A6AF2D00741014 /* NamedSectionHeaderView.swift in Sources */,
				4F41341828AD849000EE96B9 /* UserStatistics.swift in Sources */,
				4F58A86D28A2E2EE005FCCAF /* HabitCollectionViewController.swift in Sources */,
				4F1559D028AB05820063D680 /* HabitStatistics.swift in Sources */,
				4F41341A28AD84C900EE96B9 /* HabitCount.swift in Sources */,
				4F58A87B28A2E6C6005FCCAF /* Color.swift in Sources */,
				4F58A87328A2E5BF005FCCAF /* HabitDetailViewController.swift in Sources */,
				4F58A87F28A2EC9B005FCCAF /* APIService.swift in Sources */,
				4F58A87728A2E67F005FCCAF /* Habit.swift in Sources */,
				4F0BE3C828A44B2800B4A361 /* Settings.swift in Sources */,
				4F2CD36628A1B8F100BD07A9 /* Habits.xcdatamodeld in Sources */,
				4F0BE3CA28A454B900B4A361 /* UICollectionViewDiffableDataSource+ViewModel.swift in Sources */,
				4F2CD35E28A1B8F100BD07A9 /* SceneDelegate.swift in Sources */,
				4F58A88128A2EEAA005FCCAF /* PrimarySecondaryTextCollectionViewCell.swift in Sources */,
				4F58A86F28A2E2FD005FCCAF /* UserCollectionViewController.swift in Sources */,
				4F58A87928A2E6A5005FCCAF /* Category.swift in Sources */,
				4F9FB33C28A6B71300741014 /* User.swift in Sources */,
			);
			runOnlyForDeploymentPostprocessing = 0;
		};
		4F2CD36D28A1B8F300BD07A9 /* Sources */ = {
			isa = PBXSourcesBuildPhase;
			buildActionMask = 2147483647;
			files = (
				4F2CD37628A1B8F300BD07A9 /* HabitsTests.swift in Sources */,
			);
			runOnlyForDeploymentPostprocessing = 0;
		};
		4F2CD37728A1B8F300BD07A9 /* Sources */ = {
			isa = PBXSourcesBuildPhase;
			buildActionMask = 2147483647;
			files = (
				4F2CD38028A1B8F300BD07A9 /* HabitsUITests.swift in Sources */,
				4F2CD38228A1B8F300BD07A9 /* HabitsUITestsLaunchTests.swift in Sources */,
			);
			runOnlyForDeploymentPostprocessing = 0;
		};
/* End PBXSourcesBuildPhase section */

/* Begin PBXTargetDependency section */
		4F2CD37328A1B8F300BD07A9 /* PBXTargetDependency */ = {
			isa = PBXTargetDependency;
			target = 4F2CD35728A1B8F000BD07A9 /* Habits */;
			targetProxy = 4F2CD37228A1B8F300BD07A9 /* PBXContainerItemProxy */;
		};
		4F2CD37D28A1B8F300BD07A9 /* PBXTargetDependency */ = {
			isa = PBXTargetDependency;
			target = 4F2CD35728A1B8F000BD07A9 /* Habits */;
			targetProxy = 4F2CD37C28A1B8F300BD07A9 /* PBXContainerItemProxy */;
		};
/* End PBXTargetDependency section */

/* Begin PBXVariantGroup section */
		4F2CD36128A1B8F100BD07A9 /* Main.storyboard */ = {
			isa = PBXVariantGroup;
			children = (
				4F2CD36228A1B8F100BD07A9 /* Base */,
			);
			name = Main.storyboard;
			sourceTree = "<group>";
		};
		4F2CD36928A1B8F200BD07A9 /* LaunchScreen.storyboard */ = {
			isa = PBXVariantGroup;
			children = (
				4F2CD36A28A1B8F200BD07A9 /* Base */,
			);
			name = LaunchScreen.storyboard;
			sourceTree = "<group>";
		};
/* End PBXVariantGroup section */

/* Begin XCBuildConfiguration section */
		4F2CD38328A1B8F300BD07A9 /* Debug */ = {
			isa = XCBuildConfiguration;
			buildSettings = {
				ALWAYS_SEARCH_USER_PATHS = NO;
				CLANG_ANALYZER_NONNULL = YES;
				CLANG_ANALYZER_NUMBER_OBJECT_CONVERSION = YES_AGGRESSIVE;
				CLANG_CXX_LANGUAGE_STANDARD = "gnu++17";
				CLANG_ENABLE_MODULES = YES;
				CLANG_ENABLE_OBJC_ARC = YES;
				CLANG_ENABLE_OBJC_WEAK = YES;
				CLANG_WARN_BLOCK_CAPTURE_AUTORELEASING = YES;
				CLANG_WARN_BOOL_CONVERSION = YES;
				CLANG_WARN_COMMA = YES;
				CLANG_WARN_CONSTANT_CONVERSION = YES;
				CLANG_WARN_DEPRECATED_OBJC_IMPLEMENTATIONS = YES;
				CLANG_WARN_DIRECT_OBJC_ISA_USAGE = YES_ERROR;
				CLANG_WARN_DOCUMENTATION_COMMENTS = YES;
				CLANG_WARN_EMPTY_BODY = YES;
				CLANG_WARN_ENUM_CONVERSION = YES;
				CLANG_WARN_INFINITE_RECURSION = YES;
				CLANG_WARN_INT_CONVERSION = YES;
				CLANG_WARN_NON_LITERAL_NULL_CONVERSION = YES;
				CLANG_WARN_OBJC_IMPLICIT_RETAIN_SELF = YES;
				CLANG_WARN_OBJC_LITERAL_CONVERSION = YES;
				CLANG_WARN_OBJC_ROOT_CLASS = YES_ERROR;
				CLANG_WARN_QUOTED_INCLUDE_IN_FRAMEWORK_HEADER = YES;
				CLANG_WARN_RANGE_LOOP_ANALYSIS = YES;
				CLANG_WARN_STRICT_PROTOTYPES = YES;
				CLANG_WARN_SUSPICIOUS_MOVE = YES;
				CLANG_WARN_UNGUARDED_AVAILABILITY = YES_AGGRESSIVE;
				CLANG_WARN_UNREACHABLE_CODE = YES;
				CLANG_WARN__DUPLICATE_METHOD_MATCH = YES;
				COPY_PHASE_STRIP = NO;
				DEBUG_INFORMATION_FORMAT = dwarf;
				ENABLE_STRICT_OBJC_MSGSEND = YES;
				ENABLE_TESTABILITY = YES;
				GCC_C_LANGUAGE_STANDARD = gnu11;
				GCC_DYNAMIC_NO_PIC = NO;
				GCC_NO_COMMON_BLOCKS = YES;
				GCC_OPTIMIZATION_LEVEL = 0;
				GCC_PREPROCESSOR_DEFINITIONS = (
					"DEBUG=1",
					"$(inherited)",
				);
				GCC_WARN_64_TO_32_BIT_CONVERSION = YES;
				GCC_WARN_ABOUT_RETURN_TYPE = YES_ERROR;
				GCC_WARN_UNDECLARED_SELECTOR = YES;
				GCC_WARN_UNINITIALIZED_AUTOS = YES_AGGRESSIVE;
				GCC_WARN_UNUSED_FUNCTION = YES;
				GCC_WARN_UNUSED_VARIABLE = YES;
				IPHONEOS_DEPLOYMENT_TARGET = 15.5;
				MTL_ENABLE_DEBUG_INFO = INCLUDE_SOURCE;
				MTL_FAST_MATH = YES;
				ONLY_ACTIVE_ARCH = YES;
				SDKROOT = iphoneos;
				SWIFT_ACTIVE_COMPILATION_CONDITIONS = DEBUG;
				SWIFT_OPTIMIZATION_LEVEL = "-Onone";
			};
			name = Debug;
		};
		4F2CD38428A1B8F300BD07A9 /* Release */ = {
			isa = XCBuildConfiguration;
			buildSettings = {
				ALWAYS_SEARCH_USER_PATHS = NO;
				CLANG_ANALYZER_NONNULL = YES;
				CLANG_ANALYZER_NUMBER_OBJECT_CONVERSION = YES_AGGRESSIVE;
				CLANG_CXX_LANGUAGE_STANDARD = "gnu++17";
				CLANG_ENABLE_MODULES = YES;
				CLANG_ENABLE_OBJC_ARC = YES;
				CLANG_ENABLE_OBJC_WEAK = YES;
				CLANG_WARN_BLOCK_CAPTURE_AUTORELEASING = YES;
				CLANG_WARN_BOOL_CONVERSION = YES;
				CLANG_WARN_COMMA = YES;
				CLANG_WARN_CONSTANT_CONVERSION = YES;
				CLANG_WARN_DEPRECATED_OBJC_IMPLEMENTATIONS = YES;
				CLANG_WARN_DIRECT_OBJC_ISA_USAGE = YES_ERROR;
				CLANG_WARN_DOCUMENTATION_COMMENTS = YES;
				CLANG_WARN_EMPTY_BODY = YES;
				CLANG_WARN_ENUM_CONVERSION = YES;
				CLANG_WARN_INFINITE_RECURSION = YES;
				CLANG_WARN_INT_CONVERSION = YES;
				CLANG_WARN_NON_LITERAL_NULL_CONVERSION = YES;
				CLANG_WARN_OBJC_IMPLICIT_RETAIN_SELF = YES;
				CLANG_WARN_OBJC_LITERAL_CONVERSION = YES;
				CLANG_WARN_OBJC_ROOT_CLASS = YES_ERROR;
				CLANG_WARN_QUOTED_INCLUDE_IN_FRAMEWORK_HEADER = YES;
				CLANG_WARN_RANGE_LOOP_ANALYSIS = YES;
				CLANG_WARN_STRICT_PROTOTYPES = YES;
				CLANG_WARN_SUSPICIOUS_MOVE = YES;
				CLANG_WARN_UNGUARDED_AVAILABILITY = YES_AGGRESSIVE;
				CLANG_WARN_UNREACHABLE_CODE = YES;
				CLANG_WARN__DUPLICATE_METHOD_MATCH = YES;
				COPY_PHASE_STRIP = NO;
				DEBUG_INFORMATION_FORMAT = "dwarf-with-dsym";
				ENABLE_NS_ASSERTIONS = NO;
				ENABLE_STRICT_OBJC_MSGSEND = YES;
				GCC_C_LANGUAGE_STANDARD = gnu11;
				GCC_NO_COMMON_BLOCKS = YES;
				GCC_WARN_64_TO_32_BIT_CONVERSION = YES;
				GCC_WARN_ABOUT_RETURN_TYPE = YES_ERROR;
				GCC_WARN_UNDECLARED_SELECTOR = YES;
				GCC_WARN_UNINITIALIZED_AUTOS = YES_AGGRESSIVE;
				GCC_WARN_UNUSED_FUNCTION = YES;
				GCC_WARN_UNUSED_VARIABLE = YES;
				IPHONEOS_DEPLOYMENT_TARGET = 15.5;
				MTL_ENABLE_DEBUG_INFO = NO;
				MTL_FAST_MATH = YES;
				SDKROOT = iphoneos;
				SWIFT_COMPILATION_MODE = wholemodule;
				SWIFT_OPTIMIZATION_LEVEL = "-O";
				VALIDATE_PRODUCT = YES;
			};
			name = Release;
		};
		4F2CD38628A1B8F300BD07A9 /* Debug */ = {
			isa = XCBuildConfiguration;
			buildSettings = {
				ASSETCATALOG_COMPILER_APPICON_NAME = AppIcon;
				ASSETCATALOG_COMPILER_GLOBAL_ACCENT_COLOR_NAME = AccentColor;
				CODE_SIGN_STYLE = Automatic;
				CURRENT_PROJECT_VERSION = 1;
				DEVELOPMENT_TEAM = MR77GZV3WJ;
				GENERATE_INFOPLIST_FILE = YES;
				INFOPLIST_FILE = Habits/Info.plist;
				INFOPLIST_KEY_UIApplicationSupportsIndirectInputEvents = YES;
				INFOPLIST_KEY_UILaunchStoryboardName = LaunchScreen;
				INFOPLIST_KEY_UIMainStoryboardFile = Main;
				INFOPLIST_KEY_UISupportedInterfaceOrientations_iPad = "UIInterfaceOrientationPortrait UIInterfaceOrientationPortraitUpsideDown UIInterfaceOrientationLandscapeLeft UIInterfaceOrientationLandscapeRight";
				INFOPLIST_KEY_UISupportedInterfaceOrientations_iPhone = "UIInterfaceOrientationPortrait UIInterfaceOrientationLandscapeLeft UIInterfaceOrientationLandscapeRight";
				LD_RUNPATH_SEARCH_PATHS = (
					"$(inherited)",
					"@executable_path/Frameworks",
				);
				MARKETING_VERSION = 1.0;
				PRODUCT_BUNDLE_IDENTIFIER = com.ecgriffin.Habits;
				PRODUCT_NAME = "$(TARGET_NAME)";
				SWIFT_EMIT_LOC_STRINGS = YES;
				SWIFT_VERSION = 5.0;
				TARGETED_DEVICE_FAMILY = "1,2";
			};
			name = Debug;
		};
		4F2CD38728A1B8F300BD07A9 /* Release */ = {
			isa = XCBuildConfiguration;
			buildSettings = {
				ASSETCATALOG_COMPILER_APPICON_NAME = AppIcon;
				ASSETCATALOG_COMPILER_GLOBAL_ACCENT_COLOR_NAME = AccentColor;
				CODE_SIGN_STYLE = Automatic;
				CURRENT_PROJECT_VERSION = 1;
				DEVELOPMENT_TEAM = MR77GZV3WJ;
				GENERATE_INFOPLIST_FILE = YES;
				INFOPLIST_FILE = Habits/Info.plist;
				INFOPLIST_KEY_UIApplicationSupportsIndirectInputEvents = YES;
				INFOPLIST_KEY_UILaunchStoryboardName = LaunchScreen;
				INFOPLIST_KEY_UIMainStoryboardFile = Main;
				INFOPLIST_KEY_UISupportedInterfaceOrientations_iPad = "UIInterfaceOrientationPortrait UIInterfaceOrientationPortraitUpsideDown UIInterfaceOrientationLandscapeLeft UIInterfaceOrientationLandscapeRight";
				INFOPLIST_KEY_UISupportedInterfaceOrientations_iPhone = "UIInterfaceOrientationPortrait UIInterfaceOrientationLandscapeLeft UIInterfaceOrientationLandscapeRight";
				LD_RUNPATH_SEARCH_PATHS = (
					"$(inherited)",
					"@executable_path/Frameworks",
				);
				MARKETING_VERSION = 1.0;
				PRODUCT_BUNDLE_IDENTIFIER = com.ecgriffin.Habits;
				PRODUCT_NAME = "$(TARGET_NAME)";
				SWIFT_EMIT_LOC_STRINGS = YES;
				SWIFT_VERSION = 5.0;
				TARGETED_DEVICE_FAMILY = "1,2";
			};
			name = Release;
		};
		4F2CD38928A1B8F300BD07A9 /* Debug */ = {
			isa = XCBuildConfiguration;
			buildSettings = {
				ALWAYS_EMBED_SWIFT_STANDARD_LIBRARIES = YES;
				BUNDLE_LOADER = "$(TEST_HOST)";
				CODE_SIGN_STYLE = Automatic;
				CURRENT_PROJECT_VERSION = 1;
				DEVELOPMENT_TEAM = MR77GZV3WJ;
				GENERATE_INFOPLIST_FILE = YES;
				IPHONEOS_DEPLOYMENT_TARGET = 15.5;
				MARKETING_VERSION = 1.0;
				PRODUCT_BUNDLE_IDENTIFIER = com.ecgriffin.HabitsTests;
				PRODUCT_NAME = "$(TARGET_NAME)";
				SWIFT_EMIT_LOC_STRINGS = NO;
				SWIFT_VERSION = 5.0;
				TARGETED_DEVICE_FAMILY = "1,2";
				TEST_HOST = "$(BUILT_PRODUCTS_DIR)/Habits.app/Habits";
			};
			name = Debug;
		};
		4F2CD38A28A1B8F300BD07A9 /* Release */ = {
			isa = XCBuildConfiguration;
			buildSettings = {
				ALWAYS_EMBED_SWIFT_STANDARD_LIBRARIES = YES;
				BUNDLE_LOADER = "$(TEST_HOST)";
				CODE_SIGN_STYLE = Automatic;
				CURRENT_PROJECT_VERSION = 1;
				DEVELOPMENT_TEAM = MR77GZV3WJ;
				GENERATE_INFOPLIST_FILE = YES;
				IPHONEOS_DEPLOYMENT_TARGET = 15.5;
				MARKETING_VERSION = 1.0;
				PRODUCT_BUNDLE_IDENTIFIER = com.ecgriffin.HabitsTests;
				PRODUCT_NAME = "$(TARGET_NAME)";
				SWIFT_EMIT_LOC_STRINGS = NO;
				SWIFT_VERSION = 5.0;
				TARGETED_DEVICE_FAMILY = "1,2";
				TEST_HOST = "$(BUILT_PRODUCTS_DIR)/Habits.app/Habits";
			};
			name = Release;
		};
		4F2CD38C28A1B8F300BD07A9 /* Debug */ = {
			isa = XCBuildConfiguration;
			buildSettings = {
				ALWAYS_EMBED_SWIFT_STANDARD_LIBRARIES = YES;
				CODE_SIGN_STYLE = Automatic;
				CURRENT_PROJECT_VERSION = 1;
				DEVELOPMENT_TEAM = MR77GZV3WJ;
				GENERATE_INFOPLIST_FILE = YES;
				MARKETING_VERSION = 1.0;
				PRODUCT_BUNDLE_IDENTIFIER = com.ecgriffin.HabitsUITests;
				PRODUCT_NAME = "$(TARGET_NAME)";
				SWIFT_EMIT_LOC_STRINGS = NO;
				SWIFT_VERSION = 5.0;
				TARGETED_DEVICE_FAMILY = "1,2";
				TEST_TARGET_NAME = Habits;
			};
			name = Debug;
		};
		4F2CD38D28A1B8F300BD07A9 /* Release */ = {
			isa = XCBuildConfiguration;
			buildSettings = {
				ALWAYS_EMBED_SWIFT_STANDARD_LIBRARIES = YES;
				CODE_SIGN_STYLE = Automatic;
				CURRENT_PROJECT_VERSION = 1;
				DEVELOPMENT_TEAM = MR77GZV3WJ;
				GENERATE_INFOPLIST_FILE = YES;
				MARKETING_VERSION = 1.0;
				PRODUCT_BUNDLE_IDENTIFIER = com.ecgriffin.HabitsUITests;
				PRODUCT_NAME = "$(TARGET_NAME)";
				SWIFT_EMIT_LOC_STRINGS = NO;
				SWIFT_VERSION = 5.0;
				TARGETED_DEVICE_FAMILY = "1,2";
				TEST_TARGET_NAME = Habits;
			};
			name = Release;
		};
/* End XCBuildConfiguration section */

/* Begin XCConfigurationList section */
		4F2CD35328A1B8F000BD07A9 /* Build configuration list for PBXProject "Habits" */ = {
			isa = XCConfigurationList;
			buildConfigurations = (
				4F2CD38328A1B8F300BD07A9 /* Debug */,
				4F2CD38428A1B8F300BD07A9 /* Release */,
			);
			defaultConfigurationIsVisible = 0;
			defaultConfigurationName = Release;
		};
		4F2CD38528A1B8F300BD07A9 /* Build configuration list for PBXNativeTarget "Habits" */ = {
			isa = XCConfigurationList;
			buildConfigurations = (
				4F2CD38628A1B8F300BD07A9 /* Debug */,
				4F2CD38728A1B8F300BD07A9 /* Release */,
			);
			defaultConfigurationIsVisible = 0;
			defaultConfigurationName = Release;
		};
		4F2CD38828A1B8F300BD07A9 /* Build configuration list for PBXNativeTarget "HabitsTests" */ = {
			isa = XCConfigurationList;
			buildConfigurations = (
				4F2CD38928A1B8F300BD07A9 /* Debug */,
				4F2CD38A28A1B8F300BD07A9 /* Release */,
			);
			defaultConfigurationIsVisible = 0;
			defaultConfigurationName = Release;
		};
		4F2CD38B28A1B8F300BD07A9 /* Build configuration list for PBXNativeTarget "HabitsUITests" */ = {
			isa = XCConfigurationList;
			buildConfigurations = (
				4F2CD38C28A1B8F300BD07A9 /* Debug */,
				4F2CD38D28A1B8F300BD07A9 /* Release */,
			);
			defaultConfigurationIsVisible = 0;
			defaultConfigurationName = Release;
		};
/* End XCConfigurationList section */

/* Begin XCVersionGroup section */
		4F2CD36428A1B8F100BD07A9 /* Habits.xcdatamodeld */ = {
			isa = XCVersionGroup;
			children = (
				4F2CD36528A1B8F100BD07A9 /* Habits.xcdatamodel */,
			);
			currentVersion = 4F2CD36528A1B8F100BD07A9 /* Habits.xcdatamodel */;
			path = Habits.xcdatamodeld;
			sourceTree = "<group>";
			versionGroupType = wrapper.xcdatamodel;
		};
/* End XCVersionGroup section */
	};
	rootObject = 4F2CD35028A1B8F000BD07A9 /* Project object */;
}
